// !$*UTF8*$!
{
	archiveVersion = 1;
	classes = {
	};
	objectVersion = 56;
	objects = {

/* Begin PBXBuildFile section */
		A440CE6E2B427DA400F37F45 /* UIScreen.swift in Sources */ = {isa = PBXBuildFile; fileRef = A440CE6D2B427DA400F37F45 /* UIScreen.swift */; };
		A440CE702B427DE500F37F45 /* Binding.swift in Sources */ = {isa = PBXBuildFile; fileRef = A440CE6F2B427DE500F37F45 /* Binding.swift */; };
		A440CE732B42805800F37F45 /* GoalView.swift in Sources */ = {isa = PBXBuildFile; fileRef = A440CE722B42805800F37F45 /* GoalView.swift */; };
		A440CE762B4286E500F37F45 /* SwipeableView in Frameworks */ = {isa = PBXBuildFile; productRef = A440CE752B4286E500F37F45 /* SwipeableView */; };
		A440CE782B42871500F37F45 /* GoalDetailView.swift in Sources */ = {isa = PBXBuildFile; fileRef = A440CE772B42871500F37F45 /* GoalDetailView.swift */; };
		A440CE7E2B42A1B700F37F45 /* AddTaskView.swift in Sources */ = {isa = PBXBuildFile; fileRef = A440CE7D2B42A1B700F37F45 /* AddTaskView.swift */; };
		A440CE802B42A1FD00F37F45 /* EditTaskView.swift in Sources */ = {isa = PBXBuildFile; fileRef = A440CE7F2B42A1FD00F37F45 /* EditTaskView.swift */; };
		A440CE822B42A4E200F37F45 /* AddGoalView.swift in Sources */ = {isa = PBXBuildFile; fileRef = A440CE812B42A4E200F37F45 /* AddGoalView.swift */; };
		A440CE842B42A4F200F37F45 /* EditGoalView.swift in Sources */ = {isa = PBXBuildFile; fileRef = A440CE832B42A4F200F37F45 /* EditGoalView.swift */; };
		A440CE892B42F39700F37F45 /* GoalCardView.swift in Sources */ = {isa = PBXBuildFile; fileRef = A440CE882B42F39700F37F45 /* GoalCardView.swift */; };
		A440CE8B2B43060300F37F45 /* CircularProgressBarView.swift in Sources */ = {isa = PBXBuildFile; fileRef = A440CE8A2B43060200F37F45 /* CircularProgressBarView.swift */; };
		A4A3B1BD2B3FF2A200F0F7BD /* Goals+CoreDataClass.swift in Sources */ = {isa = PBXBuildFile; fileRef = A4A3B1B92B3FF2A200F0F7BD /* Goals+CoreDataClass.swift */; };
		A4A3B1BE2B3FF2A200F0F7BD /* Goals+CoreDataProperties.swift in Sources */ = {isa = PBXBuildFile; fileRef = A4A3B1BA2B3FF2A200F0F7BD /* Goals+CoreDataProperties.swift */; };
		A4A3B1BF2B3FF2A200F0F7BD /* Tasks+CoreDataClass.swift in Sources */ = {isa = PBXBuildFile; fileRef = A4A3B1BB2B3FF2A200F0F7BD /* Tasks+CoreDataClass.swift */; };
		A4A3B1C02B3FF2A200F0F7BD /* Tasks+CoreDataProperties.swift in Sources */ = {isa = PBXBuildFile; fileRef = A4A3B1BC2B3FF2A200F0F7BD /* Tasks+CoreDataProperties.swift */; };
		A4A3B1C32B3FF35600F0F7BD /* GoalListViewModel.swift in Sources */ = {isa = PBXBuildFile; fileRef = A4A3B1C22B3FF35600F0F7BD /* GoalListViewModel.swift */; };
		A4A3B1C52B3FF3A100F0F7BD /* TaskListViewModel.swift in Sources */ = {isa = PBXBuildFile; fileRef = A4A3B1C42B3FF3A100F0F7BD /* TaskListViewModel.swift */; };
		A4A3B1C82B3FF52F00F0F7BD /* NotificationManager.swift in Sources */ = {isa = PBXBuildFile; fileRef = A4A3B1C72B3FF52F00F0F7BD /* NotificationManager.swift */; };
		A4E8B4502B3EA05B00004A63 /* GoallyApp.swift in Sources */ = {isa = PBXBuildFile; fileRef = A4E8B44F2B3EA05B00004A63 /* GoallyApp.swift */; };
		A4E8B4522B3EA05B00004A63 /* ContentView.swift in Sources */ = {isa = PBXBuildFile; fileRef = A4E8B4512B3EA05B00004A63 /* ContentView.swift */; };
		A4E8B4542B3EA05D00004A63 /* Assets.xcassets in Resources */ = {isa = PBXBuildFile; fileRef = A4E8B4532B3EA05D00004A63 /* Assets.xcassets */; };
		A4E8B4572B3EA05D00004A63 /* Preview Assets.xcassets in Resources */ = {isa = PBXBuildFile; fileRef = A4E8B4562B3EA05D00004A63 /* Preview Assets.xcassets */; };
		A4E8B4592B3EA05D00004A63 /* Persistence.swift in Sources */ = {isa = PBXBuildFile; fileRef = A4E8B4582B3EA05D00004A63 /* Persistence.swift */; };
		A4E8B45C2B3EA05D00004A63 /* Goally.xcdatamodeld in Sources */ = {isa = PBXBuildFile; fileRef = A4E8B45A2B3EA05D00004A63 /* Goally.xcdatamodeld */; };
		A4E8B46B2B3EA23D00004A63 /* CoreDataManager.swift in Sources */ = {isa = PBXBuildFile; fileRef = A4E8B46A2B3EA23D00004A63 /* CoreDataManager.swift */; };
/* End PBXBuildFile section */

/* Begin PBXFileReference section */
		A440CE6D2B427DA400F37F45 /* UIScreen.swift */ = {isa = PBXFileReference; lastKnownFileType = sourcecode.swift; path = UIScreen.swift; sourceTree = "<group>"; };
		A440CE6F2B427DE500F37F45 /* Binding.swift */ = {isa = PBXFileReference; lastKnownFileType = sourcecode.swift; path = Binding.swift; sourceTree = "<group>"; };
		A440CE722B42805800F37F45 /* GoalView.swift */ = {isa = PBXFileReference; lastKnownFileType = sourcecode.swift; path = GoalView.swift; sourceTree = "<group>"; };
		A440CE772B42871500F37F45 /* GoalDetailView.swift */ = {isa = PBXFileReference; lastKnownFileType = sourcecode.swift; path = GoalDetailView.swift; sourceTree = "<group>"; };
		A440CE7D2B42A1B700F37F45 /* AddTaskView.swift */ = {isa = PBXFileReference; lastKnownFileType = sourcecode.swift; path = AddTaskView.swift; sourceTree = "<group>"; };
		A440CE7F2B42A1FD00F37F45 /* EditTaskView.swift */ = {isa = PBXFileReference; lastKnownFileType = sourcecode.swift; path = EditTaskView.swift; sourceTree = "<group>"; };
		A440CE812B42A4E200F37F45 /* AddGoalView.swift */ = {isa = PBXFileReference; lastKnownFileType = sourcecode.swift; path = AddGoalView.swift; sourceTree = "<group>"; };
		A440CE832B42A4F200F37F45 /* EditGoalView.swift */ = {isa = PBXFileReference; lastKnownFileType = sourcecode.swift; path = EditGoalView.swift; sourceTree = "<group>"; };
		A440CE882B42F39700F37F45 /* GoalCardView.swift */ = {isa = PBXFileReference; lastKnownFileType = sourcecode.swift; path = GoalCardView.swift; sourceTree = "<group>"; };
		A440CE8A2B43060200F37F45 /* CircularProgressBarView.swift */ = {isa = PBXFileReference; lastKnownFileType = sourcecode.swift; path = CircularProgressBarView.swift; sourceTree = "<group>"; };
		A4A3B1B92B3FF2A200F0F7BD /* Goals+CoreDataClass.swift */ = {isa = PBXFileReference; lastKnownFileType = sourcecode.swift; path = "Goals+CoreDataClass.swift"; sourceTree = "<group>"; };
		A4A3B1BA2B3FF2A200F0F7BD /* Goals+CoreDataProperties.swift */ = {isa = PBXFileReference; lastKnownFileType = sourcecode.swift; path = "Goals+CoreDataProperties.swift"; sourceTree = "<group>"; };
		A4A3B1BB2B3FF2A200F0F7BD /* Tasks+CoreDataClass.swift */ = {isa = PBXFileReference; lastKnownFileType = sourcecode.swift; path = "Tasks+CoreDataClass.swift"; sourceTree = "<group>"; };
		A4A3B1BC2B3FF2A200F0F7BD /* Tasks+CoreDataProperties.swift */ = {isa = PBXFileReference; lastKnownFileType = sourcecode.swift; path = "Tasks+CoreDataProperties.swift"; sourceTree = "<group>"; };
		A4A3B1C22B3FF35600F0F7BD /* GoalListViewModel.swift */ = {isa = PBXFileReference; lastKnownFileType = sourcecode.swift; path = GoalListViewModel.swift; sourceTree = "<group>"; };
		A4A3B1C42B3FF3A100F0F7BD /* TaskListViewModel.swift */ = {isa = PBXFileReference; lastKnownFileType = sourcecode.swift; path = TaskListViewModel.swift; sourceTree = "<group>"; };
		A4A3B1C72B3FF52F00F0F7BD /* NotificationManager.swift */ = {isa = PBXFileReference; lastKnownFileType = sourcecode.swift; path = NotificationManager.swift; sourceTree = "<group>"; };
		A4E8B44C2B3EA05B00004A63 /* Goally.app */ = {isa = PBXFileReference; explicitFileType = wrapper.application; includeInIndex = 0; path = Goally.app; sourceTree = BUILT_PRODUCTS_DIR; };
		A4E8B44F2B3EA05B00004A63 /* GoallyApp.swift */ = {isa = PBXFileReference; lastKnownFileType = sourcecode.swift; path = GoallyApp.swift; sourceTree = "<group>"; };
		A4E8B4512B3EA05B00004A63 /* ContentView.swift */ = {isa = PBXFileReference; lastKnownFileType = sourcecode.swift; path = ContentView.swift; sourceTree = "<group>"; };
		A4E8B4532B3EA05D00004A63 /* Assets.xcassets */ = {isa = PBXFileReference; lastKnownFileType = folder.assetcatalog; path = Assets.xcassets; sourceTree = "<group>"; };
		A4E8B4562B3EA05D00004A63 /* Preview Assets.xcassets */ = {isa = PBXFileReference; lastKnownFileType = folder.assetcatalog; path = "Preview Assets.xcassets"; sourceTree = "<group>"; };
		A4E8B4582B3EA05D00004A63 /* Persistence.swift */ = {isa = PBXFileReference; lastKnownFileType = sourcecode.swift; path = Persistence.swift; sourceTree = "<group>"; };
		A4E8B45B2B3EA05D00004A63 /* Goally.xcdatamodel */ = {isa = PBXFileReference; lastKnownFileType = wrapper.xcdatamodel; path = Goally.xcdatamodel; sourceTree = "<group>"; };
		A4E8B46A2B3EA23D00004A63 /* CoreDataManager.swift */ = {isa = PBXFileReference; lastKnownFileType = sourcecode.swift; path = CoreDataManager.swift; sourceTree = "<group>"; };
/* End PBXFileReference section */

/* Begin PBXFrameworksBuildPhase section */
		A4E8B4492B3EA05B00004A63 /* Frameworks */ = {
			isa = PBXFrameworksBuildPhase;
			buildActionMask = 2147483647;
			files = (
				A440CE762B4286E500F37F45 /* SwipeableView in Frameworks */,
			);
			runOnlyForDeploymentPostprocessing = 0;
		};
/* End PBXFrameworksBuildPhase section */

/* Begin PBXGroup section */
		A440CE6B2B427D6700F37F45 /* Utilities */ = {
			isa = PBXGroup;
			children = (
				A440CE6C2B427D7500F37F45 /* Extension */,
				A4A3B1C62B3FF51400F0F7BD /* Helper */,
			);
			path = Utilities;
			sourceTree = "<group>";
		};
		A440CE6C2B427D7500F37F45 /* Extension */ = {
			isa = PBXGroup;
			children = (
				A440CE6D2B427DA400F37F45 /* UIScreen.swift */,
				A440CE6F2B427DE500F37F45 /* Binding.swift */,
			);
			path = Extension;
			sourceTree = "<group>";
		};
		A440CE712B427E2E00F37F45 /* Views */ = {
			isa = PBXGroup;
			children = (
				A4E8B4512B3EA05B00004A63 /* ContentView.swift */,
				A440CE722B42805800F37F45 /* GoalView.swift */,
				A440CE772B42871500F37F45 /* GoalDetailView.swift */,
				A440CE7D2B42A1B700F37F45 /* AddTaskView.swift */,
				A440CE7F2B42A1FD00F37F45 /* EditTaskView.swift */,
				A440CE812B42A4E200F37F45 /* AddGoalView.swift */,
				A440CE882B42F39700F37F45 /* GoalCardView.swift */,
				A440CE832B42A4F200F37F45 /* EditGoalView.swift */,
				A440CE8A2B43060200F37F45 /* CircularProgressBarView.swift */,
			);
			path = Views;
			sourceTree = "<group>";
		};
		A4A3B1B82B3FF16400F0F7BD /* CoreData */ = {
			isa = PBXGroup;
			children = (
				A4A3B1B92B3FF2A200F0F7BD /* Goals+CoreDataClass.swift */,
				A4A3B1BA2B3FF2A200F0F7BD /* Goals+CoreDataProperties.swift */,
				A4A3B1BB2B3FF2A200F0F7BD /* Tasks+CoreDataClass.swift */,
				A4A3B1BC2B3FF2A200F0F7BD /* Tasks+CoreDataProperties.swift */,
			);
			path = CoreData;
			sourceTree = "<group>";
		};
		A4A3B1C12B3FF33A00F0F7BD /* ViewModel */ = {
			isa = PBXGroup;
			children = (
				A4A3B1C22B3FF35600F0F7BD /* GoalListViewModel.swift */,
				A4A3B1C42B3FF3A100F0F7BD /* TaskListViewModel.swift */,
			);
			path = ViewModel;
			sourceTree = "<group>";
		};
		A4A3B1C62B3FF51400F0F7BD /* Helper */ = {
			isa = PBXGroup;
			children = (
				A4E8B46A2B3EA23D00004A63 /* CoreDataManager.swift */,
				A4A3B1C72B3FF52F00F0F7BD /* NotificationManager.swift */,
			);
			path = Helper;
			sourceTree = "<group>";
		};
		A4C901AC2B3FF135007CD790 /* Models */ = {
			isa = PBXGroup;
			children = (
				A4A3B1B82B3FF16400F0F7BD /* CoreData */,
			);
			path = Models;
			sourceTree = "<group>";
		};
		A4E8B4432B3EA05B00004A63 = {
			isa = PBXGroup;
			children = (
				A4E8B44E2B3EA05B00004A63 /* Goally */,
				A4E8B44D2B3EA05B00004A63 /* Products */,
			);
			sourceTree = "<group>";
		};
		A4E8B44D2B3EA05B00004A63 /* Products */ = {
			isa = PBXGroup;
			children = (
				A4E8B44C2B3EA05B00004A63 /* Goally.app */,
			);
			name = Products;
			sourceTree = "<group>";
		};
		A4E8B44E2B3EA05B00004A63 /* Goally */ = {
			isa = PBXGroup;
			children = (
				A4E8B45A2B3EA05D00004A63 /* Goally.xcdatamodeld */,
				A4E8B44F2B3EA05B00004A63 /* GoallyApp.swift */,
				A440CE712B427E2E00F37F45 /* Views */,
				A440CE6B2B427D6700F37F45 /* Utilities */,
				A4A3B1C12B3FF33A00F0F7BD /* ViewModel */,
				A4C901AC2B3FF135007CD790 /* Models */,
				A4E8B4532B3EA05D00004A63 /* Assets.xcassets */,
				A4E8B4582B3EA05D00004A63 /* Persistence.swift */,
				A4E8B4552B3EA05D00004A63 /* Preview Content */,
			);
			path = Goally;
			sourceTree = "<group>";
		};
		A4E8B4552B3EA05D00004A63 /* Preview Content */ = {
			isa = PBXGroup;
			children = (
				A4E8B4562B3EA05D00004A63 /* Preview Assets.xcassets */,
			);
			path = "Preview Content";
			sourceTree = "<group>";
		};
/* End PBXGroup section */

/* Begin PBXNativeTarget section */
		A4E8B44B2B3EA05B00004A63 /* Goally */ = {
			isa = PBXNativeTarget;
			buildConfigurationList = A4E8B45F2B3EA05D00004A63 /* Build configuration list for PBXNativeTarget "Goally" */;
			buildPhases = (
				A4E8B4482B3EA05B00004A63 /* Sources */,
				A4E8B4492B3EA05B00004A63 /* Frameworks */,
				A4E8B44A2B3EA05B00004A63 /* Resources */,
			);
			buildRules = (
			);
			dependencies = (
			);
			name = Goally;
			packageProductDependencies = (
				A440CE752B4286E500F37F45 /* SwipeableView */,
			);
			productName = Goally;
			productReference = A4E8B44C2B3EA05B00004A63 /* Goally.app */;
			productType = "com.apple.product-type.application";
		};
/* End PBXNativeTarget section */

/* Begin PBXProject section */
		A4E8B4442B3EA05B00004A63 /* Project object */ = {
			isa = PBXProject;
			attributes = {
				BuildIndependentTargetsInParallel = 1;
				LastSwiftUpdateCheck = 1420;
				LastUpgradeCheck = 1420;
				TargetAttributes = {
					A4E8B44B2B3EA05B00004A63 = {
						CreatedOnToolsVersion = 14.2;
					};
				};
			};
			buildConfigurationList = A4E8B4472B3EA05B00004A63 /* Build configuration list for PBXProject "Goally" */;
			compatibilityVersion = "Xcode 14.0";
			developmentRegion = en;
			hasScannedForEncodings = 0;
			knownRegions = (
				en,
				Base,
			);
			mainGroup = A4E8B4432B3EA05B00004A63;
			packageReferences = (
				A440CE742B4286E500F37F45 /* XCRemoteSwiftPackageReference "SwipebleView" */,
			);
			productRefGroup = A4E8B44D2B3EA05B00004A63 /* Products */;
			projectDirPath = "";
			projectRoot = "";
			targets = (
				A4E8B44B2B3EA05B00004A63 /* Goally */,
			);
		};
/* End PBXProject section */

/* Begin PBXResourcesBuildPhase section */
		A4E8B44A2B3EA05B00004A63 /* Resources */ = {
			isa = PBXResourcesBuildPhase;
			buildActionMask = 2147483647;
			files = (
				A4E8B4572B3EA05D00004A63 /* Preview Assets.xcassets in Resources */,
				A4E8B4542B3EA05D00004A63 /* Assets.xcassets in Resources */,
			);
			runOnlyForDeploymentPostprocessing = 0;
		};
/* End PBXResourcesBuildPhase section */

/* Begin PBXSourcesBuildPhase section */
		A4E8B4482B3EA05B00004A63 /* Sources */ = {
			isa = PBXSourcesBuildPhase;
			buildActionMask = 2147483647;
			files = (
				A440CE782B42871500F37F45 /* GoalDetailView.swift in Sources */,
				A4E8B4592B3EA05D00004A63 /* Persistence.swift in Sources */,
				A4A3B1C52B3FF3A100F0F7BD /* TaskListViewModel.swift in Sources */,
				A440CE7E2B42A1B700F37F45 /* AddTaskView.swift in Sources */,
				A4E8B4522B3EA05B00004A63 /* ContentView.swift in Sources */,
				A440CE702B427DE500F37F45 /* Binding.swift in Sources */,
				A4E8B4502B3EA05B00004A63 /* GoallyApp.swift in Sources */,
				A440CE6E2B427DA400F37F45 /* UIScreen.swift in Sources */,
				A440CE8B2B43060300F37F45 /* CircularProgressBarView.swift in Sources */,
				A440CE802B42A1FD00F37F45 /* EditTaskView.swift in Sources */,
				A440CE892B42F39700F37F45 /* GoalCardView.swift in Sources */,
				A4A3B1C32B3FF35600F0F7BD /* GoalListViewModel.swift in Sources */,
				A440CE732B42805800F37F45 /* GoalView.swift in Sources */,
				A440CE822B42A4E200F37F45 /* AddGoalView.swift in Sources */,
				A4E8B45C2B3EA05D00004A63 /* Goally.xcdatamodeld in Sources */,
				A4A3B1C82B3FF52F00F0F7BD /* NotificationManager.swift in Sources */,
				A4A3B1BD2B3FF2A200F0F7BD /* Goals+CoreDataClass.swift in Sources */,
				A4A3B1BE2B3FF2A200F0F7BD /* Goals+CoreDataProperties.swift in Sources */,
				A4A3B1BF2B3FF2A200F0F7BD /* Tasks+CoreDataClass.swift in Sources */,
				A4E8B46B2B3EA23D00004A63 /* CoreDataManager.swift in Sources */,
				A4A3B1C02B3FF2A200F0F7BD /* Tasks+CoreDataProperties.swift in Sources */,
				A440CE842B42A4F200F37F45 /* EditGoalView.swift in Sources */,
			);
			runOnlyForDeploymentPostprocessing = 0;
		};
/* End PBXSourcesBuildPhase section */

/* Begin XCBuildConfiguration section */
		A4E8B45D2B3EA05D00004A63 /* Debug */ = {
			isa = XCBuildConfiguration;
			buildSettings = {
				ALWAYS_SEARCH_USER_PATHS = NO;
				CLANG_ANALYZER_NONNULL = YES;
				CLANG_ANALYZER_NUMBER_OBJECT_CONVERSION = YES_AGGRESSIVE;
				CLANG_CXX_LANGUAGE_STANDARD = "gnu++20";
				CLANG_ENABLE_MODULES = YES;
				CLANG_ENABLE_OBJC_ARC = YES;
				CLANG_ENABLE_OBJC_WEAK = YES;
				CLANG_WARN_BLOCK_CAPTURE_AUTORELEASING = YES;
				CLANG_WARN_BOOL_CONVERSION = YES;
				CLANG_WARN_COMMA = YES;
				CLANG_WARN_CONSTANT_CONVERSION = YES;
				CLANG_WARN_DEPRECATED_OBJC_IMPLEMENTATIONS = YES;
				CLANG_WARN_DIRECT_OBJC_ISA_USAGE = YES_ERROR;
				CLANG_WARN_DOCUMENTATION_COMMENTS = YES;
				CLANG_WARN_EMPTY_BODY = YES;
				CLANG_WARN_ENUM_CONVERSION = YES;
				CLANG_WARN_INFINITE_RECURSION = YES;
				CLANG_WARN_INT_CONVERSION = YES;
				CLANG_WARN_NON_LITERAL_NULL_CONVERSION = YES;
				CLANG_WARN_OBJC_IMPLICIT_RETAIN_SELF = YES;
				CLANG_WARN_OBJC_LITERAL_CONVERSION = YES;
				CLANG_WARN_OBJC_ROOT_CLASS = YES_ERROR;
				CLANG_WARN_QUOTED_INCLUDE_IN_FRAMEWORK_HEADER = YES;
				CLANG_WARN_RANGE_LOOP_ANALYSIS = YES;
				CLANG_WARN_STRICT_PROTOTYPES = YES;
				CLANG_WARN_SUSPICIOUS_MOVE = YES;
				CLANG_WARN_UNGUARDED_AVAILABILITY = YES_AGGRESSIVE;
				CLANG_WARN_UNREACHABLE_CODE = YES;
				CLANG_WARN__DUPLICATE_METHOD_MATCH = YES;
				COPY_PHASE_STRIP = NO;
				DEBUG_INFORMATION_FORMAT = dwarf;
				ENABLE_STRICT_OBJC_MSGSEND = YES;
				ENABLE_TESTABILITY = YES;
				GCC_C_LANGUAGE_STANDARD = gnu11;
				GCC_DYNAMIC_NO_PIC = NO;
				GCC_NO_COMMON_BLOCKS = YES;
				GCC_OPTIMIZATION_LEVEL = 0;
				GCC_PREPROCESSOR_DEFINITIONS = (
					"DEBUG=1",
					"$(inherited)",
				);
				GCC_WARN_64_TO_32_BIT_CONVERSION = YES;
				GCC_WARN_ABOUT_RETURN_TYPE = YES_ERROR;
				GCC_WARN_UNDECLARED_SELECTOR = YES;
				GCC_WARN_UNINITIALIZED_AUTOS = YES_AGGRESSIVE;
				GCC_WARN_UNUSED_FUNCTION = YES;
				GCC_WARN_UNUSED_VARIABLE = YES;
				IPHONEOS_DEPLOYMENT_TARGET = 16.2;
				MTL_ENABLE_DEBUG_INFO = INCLUDE_SOURCE;
				MTL_FAST_MATH = YES;
				ONLY_ACTIVE_ARCH = YES;
				SDKROOT = iphoneos;
				SWIFT_ACTIVE_COMPILATION_CONDITIONS = DEBUG;
				SWIFT_OPTIMIZATION_LEVEL = "-Onone";
			};
			name = Debug;
		};
		A4E8B45E2B3EA05D00004A63 /* Release */ = {
			isa = XCBuildConfiguration;
			buildSettings = {
				ALWAYS_SEARCH_USER_PATHS = NO;
				CLANG_ANALYZER_NONNULL = YES;
				CLANG_ANALYZER_NUMBER_OBJECT_CONVERSION = YES_AGGRESSIVE;
				CLANG_CXX_LANGUAGE_STANDARD = "gnu++20";
				CLANG_ENABLE_MODULES = YES;
				CLANG_ENABLE_OBJC_ARC = YES;
				CLANG_ENABLE_OBJC_WEAK = YES;
				CLANG_WARN_BLOCK_CAPTURE_AUTORELEASING = YES;
				CLANG_WARN_BOOL_CONVERSION = YES;
				CLANG_WARN_COMMA = YES;
				CLANG_WARN_CONSTANT_CONVERSION = YES;
				CLANG_WARN_DEPRECATED_OBJC_IMPLEMENTATIONS = YES;
				CLANG_WARN_DIRECT_OBJC_ISA_USAGE = YES_ERROR;
				CLANG_WARN_DOCUMENTATION_COMMENTS = YES;
				CLANG_WARN_EMPTY_BODY = YES;
				CLANG_WARN_ENUM_CONVERSION = YES;
				CLANG_WARN_INFINITE_RECURSION = YES;
				CLANG_WARN_INT_CONVERSION = YES;
				CLANG_WARN_NON_LITERAL_NULL_CONVERSION = YES;
				CLANG_WARN_OBJC_IMPLICIT_RETAIN_SELF = YES;
				CLANG_WARN_OBJC_LITERAL_CONVERSION = YES;
				CLANG_WARN_OBJC_ROOT_CLASS = YES_ERROR;
				CLANG_WARN_QUOTED_INCLUDE_IN_FRAMEWORK_HEADER = YES;
				CLANG_WARN_RANGE_LOOP_ANALYSIS = YES;
				CLANG_WARN_STRICT_PROTOTYPES = YES;
				CLANG_WARN_SUSPICIOUS_MOVE = YES;
				CLANG_WARN_UNGUARDED_AVAILABILITY = YES_AGGRESSIVE;
				CLANG_WARN_UNREACHABLE_CODE = YES;
				CLANG_WARN__DUPLICATE_METHOD_MATCH = YES;
				COPY_PHASE_STRIP = NO;
				DEBUG_INFORMATION_FORMAT = "dwarf-with-dsym";
				ENABLE_NS_ASSERTIONS = NO;
				ENABLE_STRICT_OBJC_MSGSEND = YES;
				GCC_C_LANGUAGE_STANDARD = gnu11;
				GCC_NO_COMMON_BLOCKS = YES;
				GCC_WARN_64_TO_32_BIT_CONVERSION = YES;
				GCC_WARN_ABOUT_RETURN_TYPE = YES_ERROR;
				GCC_WARN_UNDECLARED_SELECTOR = YES;
				GCC_WARN_UNINITIALIZED_AUTOS = YES_AGGRESSIVE;
				GCC_WARN_UNUSED_FUNCTION = YES;
				GCC_WARN_UNUSED_VARIABLE = YES;
				IPHONEOS_DEPLOYMENT_TARGET = 16.2;
				MTL_ENABLE_DEBUG_INFO = NO;
				MTL_FAST_MATH = YES;
				SDKROOT = iphoneos;
				SWIFT_COMPILATION_MODE = wholemodule;
				SWIFT_OPTIMIZATION_LEVEL = "-O";
				VALIDATE_PRODUCT = YES;
			};
			name = Release;
		};
		A4E8B4602B3EA05D00004A63 /* Debug */ = {
			isa = XCBuildConfiguration;
			buildSettings = {
				ASSETCATALOG_COMPILER_APPICON_NAME = AppIcon;
				ASSETCATALOG_COMPILER_GLOBAL_ACCENT_COLOR_NAME = AccentColor;
				CODE_SIGN_STYLE = Automatic;
				CURRENT_PROJECT_VERSION = 1;
				DEVELOPMENT_ASSET_PATHS = "\"Goally/Preview Content\"";
				ENABLE_PREVIEWS = YES;
				GENERATE_INFOPLIST_FILE = YES;
				INFOPLIST_KEY_UIApplicationSceneManifest_Generation = YES;
				INFOPLIST_KEY_UIApplicationSupportsIndirectInputEvents = YES;
				INFOPLIST_KEY_UILaunchScreen_Generation = YES;
				INFOPLIST_KEY_UISupportedInterfaceOrientations_iPad = "UIInterfaceOrientationPortrait UIInterfaceOrientationPortraitUpsideDown UIInterfaceOrientationLandscapeLeft UIInterfaceOrientationLandscapeRight";
				INFOPLIST_KEY_UISupportedInterfaceOrientations_iPhone = "UIInterfaceOrientationPortrait UIInterfaceOrientationLandscapeLeft UIInterfaceOrientationLandscapeRight";
				LD_RUNPATH_SEARCH_PATHS = (
					"$(inherited)",
					"@executable_path/Frameworks",
				);
				MARKETING_VERSION = 1.0;
				PRODUCT_BUNDLE_IDENTIFIER = com.baohieu.Goally;
				PRODUCT_NAME = "$(TARGET_NAME)";
				SWIFT_EMIT_LOC_STRINGS = YES;
				SWIFT_VERSION = 5.0;
				TARGETED_DEVICE_FAMILY = "1,2";
			};
			name = Debug;
		};
		A4E8B4612B3EA05D00004A63 /* Release */ = {
			isa = XCBuildConfiguration;
			buildSettings = {
				ASSETCATALOG_COMPILER_APPICON_NAME = AppIcon;
				ASSETCATALOG_COMPILER_GLOBAL_ACCENT_COLOR_NAME = AccentColor;
				CODE_SIGN_STYLE = Automatic;
				CURRENT_PROJECT_VERSION = 1;
				DEVELOPMENT_ASSET_PATHS = "\"Goally/Preview Content\"";
				ENABLE_PREVIEWS = YES;
				GENERATE_INFOPLIST_FILE = YES;
				INFOPLIST_KEY_UIApplicationSceneManifest_Generation = YES;
				INFOPLIST_KEY_UIApplicationSupportsIndirectInputEvents = YES;
				INFOPLIST_KEY_UILaunchScreen_Generation = YES;
				INFOPLIST_KEY_UISupportedInterfaceOrientations_iPad = "UIInterfaceOrientationPortrait UIInterfaceOrientationPortraitUpsideDown UIInterfaceOrientationLandscapeLeft UIInterfaceOrientationLandscapeRight";
				INFOPLIST_KEY_UISupportedInterfaceOrientations_iPhone = "UIInterfaceOrientationPortrait UIInterfaceOrientationLandscapeLeft UIInterfaceOrientationLandscapeRight";
				LD_RUNPATH_SEARCH_PATHS = (
					"$(inherited)",
					"@executable_path/Frameworks",
				);
				MARKETING_VERSION = 1.0;
				PRODUCT_BUNDLE_IDENTIFIER = com.baohieu.Goally;
				PRODUCT_NAME = "$(TARGET_NAME)";
				SWIFT_EMIT_LOC_STRINGS = YES;
				SWIFT_VERSION = 5.0;
				TARGETED_DEVICE_FAMILY = "1,2";
			};
			name = Release;
		};
/* End XCBuildConfiguration section */

/* Begin XCConfigurationList section */
		A4E8B4472B3EA05B00004A63 /* Build configuration list for PBXProject "Goally" */ = {
			isa = XCConfigurationList;
			buildConfigurations = (
				A4E8B45D2B3EA05D00004A63 /* Debug */,
				A4E8B45E2B3EA05D00004A63 /* Release */,
			);
			defaultConfigurationIsVisible = 0;
			defaultConfigurationName = Release;
		};
		A4E8B45F2B3EA05D00004A63 /* Build configuration list for PBXNativeTarget "Goally" */ = {
			isa = XCConfigurationList;
			buildConfigurations = (
				A4E8B4602B3EA05D00004A63 /* Debug */,
				A4E8B4612B3EA05D00004A63 /* Release */,
			);
			defaultConfigurationIsVisible = 0;
			defaultConfigurationName = Release;
		};
/* End XCConfigurationList section */

/* Begin XCRemoteSwiftPackageReference section */
		A440CE742B4286E500F37F45 /* XCRemoteSwiftPackageReference "SwipebleView" */ = {
			isa = XCRemoteSwiftPackageReference;
			repositoryURL = "https://github.com/mroffmix/SwipebleView";
			requirement = {
				kind = upToNextMajorVersion;
				minimumVersion = 0.2.2;
			};
		};
/* End XCRemoteSwiftPackageReference section */

/* Begin XCSwiftPackageProductDependency section */
		A440CE752B4286E500F37F45 /* SwipeableView */ = {
			isa = XCSwiftPackageProductDependency;
			package = A440CE742B4286E500F37F45 /* XCRemoteSwiftPackageReference "SwipebleView" */;
			productName = SwipeableView;
		};
/* End XCSwiftPackageProductDependency section */

/* Begin XCVersionGroup section */
		A4E8B45A2B3EA05D00004A63 /* Goally.xcdatamodeld */ = {
			isa = XCVersionGroup;
			children = (
				A4E8B45B2B3EA05D00004A63 /* Goally.xcdatamodel */,
			);
			currentVersion = A4E8B45B2B3EA05D00004A63 /* Goally.xcdatamodel */;
			path = Goally.xcdatamodeld;
			sourceTree = "<group>";
			versionGroupType = wrapper.xcdatamodel;
		};
/* End XCVersionGroup section */
	};
	rootObject = A4E8B4442B3EA05B00004A63 /* Project object */;
}
